# THIS IS AN AUTOGENERATED FILE. DO NOT EDIT THIS FILE DIRECTLY.
# yarn lockfile v1


"@assemblyscript/loader@^0.9.4":
  "version" "0.9.4"

"@babel/code-frame@^7.0.0":
  "version" "7.22.13"
  dependencies:
    "@babel/highlight" "^7.22.13"
    "chalk" "^2.4.2"

"@babel/helper-validator-identifier@^7.22.20":
  "version" "7.22.20"

"@babel/highlight@^7.22.13":
  "version" "7.22.20"
  dependencies:
    "@babel/helper-validator-identifier" "^7.22.20"
    "chalk" "^2.4.2"
    "js-tokens" "^4.0.0"

"@cspotcode/source-map-support@^0.8.0":
  "integrity" "sha512-IchNf6dN4tHoMFIn/7OE8LWZ19Y6q/67Bmf6vnGREv8RSbBVb9LPJxEcnwrcwX6ixSvaiGoomAUvu4YSxXrVgw=="
  "resolved" "https://registry.npmjs.org/@cspotcode/source-map-support/-/source-map-support-0.8.1.tgz"
  "version" "0.8.1"
  dependencies:
    "@jridgewell/trace-mapping" "0.3.9"

"@ipld/car@^3.0.1", "@ipld/car@^3.1.4", "@ipld/car@^3.2.3":
  "version" "3.2.4"
  dependencies:
    "@ipld/dag-cbor" "^7.0.0"
    "multiformats" "^9.5.4"
    "varint" "^6.0.0"

"@ipld/dag-cbor@^6.0.3":
  "version" "6.0.15"
  dependencies:
    "cborg" "^1.5.4"
    "multiformats" "^9.5.4"

"@ipld/dag-cbor@^7.0.0", "@ipld/dag-cbor@^7.0.2":
  "version" "7.0.3"
  dependencies:
    "cborg" "^1.6.0"
    "multiformats" "^9.5.4"

"@ipld/dag-pb@^2.0.2":
  "version" "2.1.18"
  dependencies:
    "multiformats" "^9.5.4"

"@jridgewell/resolve-uri@^3.0.3":
  "integrity" "sha512-dSYZh7HhCDtCKm4QakX0xFpsRDqjjtZf/kjI/v3T3Nwt5r8/qz/M19F9ySyOqU94SXBmeG9ttTul+YnR4LOxFA=="
  "resolved" "https://registry.npmjs.org/@jridgewell/resolve-uri/-/resolve-uri-3.1.1.tgz"
  "version" "3.1.1"

"@jridgewell/sourcemap-codec@^1.4.10":
  "integrity" "sha512-eF2rxCRulEKXHTRiDrDy6erMYWqNw4LPdQ8UQA4huuxaQsVeRPFl2oM8oDGxMFhJUWZf9McpLtJasDDZb/Bpeg=="
  "resolved" "https://registry.npmjs.org/@jridgewell/sourcemap-codec/-/sourcemap-codec-1.4.15.tgz"
  "version" "1.4.15"

"@jridgewell/trace-mapping@0.3.9":
  "integrity" "sha512-3Belt6tdc8bPgAtbcmdtNJlirVoTmEb5e2gC94PnkwEW9jI6CAHUeoG85tjWP5WquqfavoMtMwiG4P926ZKKuQ=="
  "resolved" "https://registry.npmjs.org/@jridgewell/trace-mapping/-/trace-mapping-0.3.9.tgz"
  "version" "0.3.9"
  dependencies:
    "@jridgewell/resolve-uri" "^3.0.3"
    "@jridgewell/sourcemap-codec" "^1.4.10"

"@multiformats/murmur3@^1.0.3":
  "version" "1.1.3"
  dependencies:
    "multiformats" "^9.5.4"
    "murmurhash3js-revisited" "^3.0.0"

"@noble/ed25519@^1.5.1":
  "version" "1.7.3"

"@noble/secp256k1@^1.3.0":
  "version" "1.7.1"

"@protobufjs/aspromise@^1.1.1", "@protobufjs/aspromise@^1.1.2":
  "version" "1.1.2"

"@protobufjs/base64@^1.1.2":
  "version" "1.1.2"

"@protobufjs/codegen@^2.0.4":
  "version" "2.0.4"

"@protobufjs/eventemitter@^1.1.0":
  "version" "1.1.0"

"@protobufjs/fetch@^1.1.0":
  "version" "1.1.0"
  dependencies:
    "@protobufjs/aspromise" "^1.1.1"
    "@protobufjs/inquire" "^1.1.0"

"@protobufjs/float@^1.0.2":
  "version" "1.0.2"

"@protobufjs/inquire@^1.1.0":
  "version" "1.1.0"

"@protobufjs/path@^1.1.2":
  "version" "1.1.2"

"@protobufjs/pool@^1.1.0":
  "version" "1.1.0"

"@protobufjs/utf8@^1.1.0":
  "version" "1.1.0"

"@tsconfig/node10@^1.0.7":
  "integrity" "sha512-jNsYVVxU8v5g43Erja32laIDHXeoNvFEpX33OK4d6hljo3jDhCBDhx5dhCCTMWUojscpAagGiRkBKxpdl9fxqA=="
  "resolved" "https://registry.npmjs.org/@tsconfig/node10/-/node10-1.0.9.tgz"
  "version" "1.0.9"

"@tsconfig/node12@^1.0.7":
  "integrity" "sha512-cqefuRsh12pWyGsIoBKJA9luFu3mRxCA+ORZvA4ktLSzIuCUtWVxGIuXigEwO5/ywWFMZ2QEGKWvkZG1zDMTag=="
  "resolved" "https://registry.npmjs.org/@tsconfig/node12/-/node12-1.0.11.tgz"
  "version" "1.0.11"

"@tsconfig/node14@^1.0.0":
  "integrity" "sha512-ysT8mhdixWK6Hw3i1V2AeRqZ5WfXg1G43mqoYlM2nc6388Fq5jcXyr5mRsqViLx/GJYdoL0bfXD8nmF+Zn/Iow=="
  "resolved" "https://registry.npmjs.org/@tsconfig/node14/-/node14-1.0.3.tgz"
  "version" "1.0.3"

"@tsconfig/node16@^1.0.2":
  "integrity" "sha512-vxhUy4J8lyeyinH7Azl1pdd43GJhZH/tP2weN8TntQblOY+A0XbT8DJk1/oCPuOOyg/Ja757rG0CgHcWC8OfMA=="
  "resolved" "https://registry.npmjs.org/@tsconfig/node16/-/node16-1.0.4.tgz"
  "version" "1.0.4"

"@types/dotenv@^8.2.0":
  "integrity" "sha512-ylSC9GhfRH7m1EUXBXofhgx4lUWmFeQDINW5oLuS+gxWdfUeW4zJdeVTYVkexEW+e2VUvlZR2kGnGGipAWR7kw=="
  "resolved" "https://registry.npmjs.org/@types/dotenv/-/dotenv-8.2.0.tgz"
  "version" "8.2.0"
  dependencies:
    "dotenv" "*"

"@types/long@^4.0.1":
  "version" "4.0.2"

"@types/minimatch@^3.0.4":
  "version" "3.0.5"

"@types/minimist@^1.2.0":
  "version" "1.2.4"

"@types/node@*", "@types/node@>=13.7.0":
  "version" "20.8.7"
  dependencies:
    "undici-types" "~5.25.1"

"@types/normalize-package-data@^2.4.0":
  "version" "2.4.3"

"@types/retry@0.12.0":
  "version" "0.12.0"

"@web-std/blob@^3.0.1", "@web-std/blob@^3.0.3", "@web-std/blob@^3.0.4":
  "version" "3.0.5"
  dependencies:
    "@web-std/stream" "1.0.0"
    "web-encoding" "1.1.5"

"@web-std/fetch@^4.1.0", "@web-std/fetch@^4.1.2":
  "version" "4.2.1"
  dependencies:
    "@web-std/blob" "^3.0.3"
    "@web-std/file" "^3.0.2"
    "@web-std/form-data" "^3.0.2"
    "@web-std/stream" "^1.0.1"
    "@web3-storage/multipart-parser" "^1.0.0"
    "abort-controller" "^3.0.0"
    "data-uri-to-buffer" "^3.0.1"
    "mrmime" "^1.0.0"

"@web-std/file@^3.0.2":
  "version" "3.0.3"
  dependencies:
    "@web-std/blob" "^3.0.3"

"@web-std/form-data@^3.0.2":
  "version" "3.1.0"
  dependencies:
    "web-encoding" "1.1.5"

"@web-std/stream@^1.0.1":
  "version" "1.0.3"
  dependencies:
    "web-streams-polyfill" "^3.1.1"

"@web-std/stream@1.0.0":
  "version" "1.0.0"
  dependencies:
    "web-streams-polyfill" "^3.1.1"

"@web3-storage/multipart-parser@^1.0.0":
  "version" "1.0.0"

"@web3-storage/parse-link-header@^3.1.0":
  "version" "3.1.0"

"@zxing/text-encoding@0.9.0":
  "version" "0.9.0"

"abort-controller@*", "abort-controller@^3.0.0":
  "version" "3.0.0"
  dependencies:
    "event-target-shim" "^5.0.0"

"acorn-walk@^8.1.1":
  "integrity" "sha512-k+iyHEuPgSw6SbuDpGQM+06HQUa04DZ3o+F6CSzXMvvI5KMvnaEqXe+YVe555R9nn6GPt404fos4wcgpw12SDA=="
  "resolved" "https://registry.npmjs.org/acorn-walk/-/acorn-walk-8.2.0.tgz"
  "version" "8.2.0"

"acorn@^8.4.1":
  "integrity" "sha512-F0SAmZ8iUtS//m8DmCTA0jlh6TDKkHQyK6xc6V4KDTyZKA9dnvX9/3sRTVQrWm79glUAZbnmmNcdYwUIHWVybw=="
  "resolved" "https://registry.npmjs.org/acorn/-/acorn-8.10.0.tgz"
  "version" "8.10.0"

"ansi-styles@^3.2.1":
  "version" "3.2.1"
  dependencies:
    "color-convert" "^1.9.0"

"any-signal@^2.1.2":
  "version" "2.1.2"
  dependencies:
    "abort-controller" "^3.0.0"
    "native-abort-controller" "^1.0.3"

"any-signal@^3.0.0":
  "version" "3.0.1"

"arg@^4.1.0":
  "integrity" "sha512-58S9QDqG0Xx27YwPSt9fJxivjYl432YCwfDMfZ+71RAqUrZef7LrKQZ3LHLOwCS4FLNBplP533Zx895SeOCHvA=="
  "resolved" "https://registry.npmjs.org/arg/-/arg-4.1.3.tgz"
  "version" "4.1.3"

"arrify@^1.0.1":
  "version" "1.0.1"

"available-typed-arrays@^1.0.5":
  "version" "1.0.5"

"balanced-match@^1.0.0":
  "version" "1.0.2"

"base64-js@^1.3.1":
  "version" "1.5.1"

"bl@^5.0.0":
  "version" "5.1.0"
  dependencies:
    "buffer" "^6.0.3"
    "inherits" "^2.0.4"
    "readable-stream" "^3.4.0"

"blob-to-it@^1.0.1":
  "version" "1.0.4"
  dependencies:
    "browser-readablestream-to-it" "^1.0.3"

"blockstore-core@^1.0.2":
  "version" "1.0.5"
  dependencies:
    "err-code" "^3.0.1"
    "interface-blockstore" "^2.0.2"
    "interface-store" "^2.0.1"
    "it-all" "^1.0.4"
    "it-drain" "^1.0.4"
    "it-filter" "^1.0.2"
    "it-take" "^1.0.1"
    "multiformats" "^9.4.7"

"brace-expansion@^1.1.7":
  "version" "1.1.11"
  dependencies:
    "balanced-match" "^1.0.0"
    "concat-map" "0.0.1"

"browser-readablestream-to-it@^1.0.0", "browser-readablestream-to-it@^1.0.1", "browser-readablestream-to-it@^1.0.2", "browser-readablestream-to-it@^1.0.3":
  "version" "1.0.3"

"buffer@^6.0.1", "buffer@^6.0.3":
  "version" "6.0.3"
  dependencies:
    "base64-js" "^1.3.1"
    "ieee754" "^1.2.1"

"call-bind@^1.0.2", "call-bind@^1.0.4":
  "version" "1.0.5"
  dependencies:
    "function-bind" "^1.1.2"
    "get-intrinsic" "^1.2.1"
    "set-function-length" "^1.1.1"

"camelcase-keys@^6.2.2":
  "version" "6.2.2"
  dependencies:
    "camelcase" "^5.3.1"
    "map-obj" "^4.0.0"
    "quick-lru" "^4.0.1"

"camelcase@^5.3.1":
  "version" "5.3.1"

"carbites@^1.0.6":
  "version" "1.0.6"
  dependencies:
    "@ipld/car" "^3.0.1"
    "@ipld/dag-cbor" "^6.0.3"
    "@ipld/dag-pb" "^2.0.2"
    "multiformats" "^9.0.4"

"cborg@^1.3.3", "cborg@^1.5.4", "cborg@^1.6.0", "cborg@^1.8.0", "cborg@^1.9.4":
  "version" "1.10.2"

"chalk@^2.4.2":
  "version" "2.4.2"
  dependencies:
    "ansi-styles" "^3.2.1"
    "escape-string-regexp" "^1.0.5"
    "supports-color" "^5.3.0"

"class-is@^1.1.0":
  "version" "1.1.0"

"color-convert@^1.9.0":
  "version" "1.9.3"
  dependencies:
    "color-name" "1.1.3"

"color-name@1.1.3":
  "version" "1.1.3"

"concat-map@0.0.1":
  "version" "0.0.1"

"create-require@^1.1.0":
  "integrity" "sha512-dcKFX3jn0MpIaXjisoRvexIJVEKzaq7z2rZKxf+MSr9TkdmHmsU4m2lcLojrj/FHl8mk5VxMmYA+ftRkP/3oKQ=="
  "resolved" "https://registry.npmjs.org/create-require/-/create-require-1.1.1.tgz"
  "version" "1.1.1"

"data-uri-to-buffer@^3.0.1":
  "version" "3.0.1"

"debug@^4.1.1", "debug@^4.2.0", "debug@^4.3.1":
  "version" "4.3.4"
  dependencies:
    "ms" "2.1.2"

"decamelize-keys@^1.1.0":
  "version" "1.1.1"
  dependencies:
    "decamelize" "^1.1.0"
    "map-obj" "^1.0.0"

"decamelize@^1.1.0", "decamelize@^1.2.0":
  "version" "1.2.0"

"define-data-property@^1.1.1":
  "version" "1.1.1"
  dependencies:
    "get-intrinsic" "^1.2.1"
    "gopd" "^1.0.1"
    "has-property-descriptors" "^1.0.0"

"diff@^4.0.1":
  "integrity" "sha512-58lmxKSA4BNyLz+HHMUzlOEpg09FV+ev6ZMe3vJihgdxzgcwZ8VoEEPmALCZG9LmqfVoNMMKpttIYTVG6uDY7A=="
  "resolved" "https://registry.npmjs.org/diff/-/diff-4.0.2.tgz"
  "version" "4.0.2"

"dns-over-http-resolver@^1.2.3":
  "version" "1.2.3"
  dependencies:
    "debug" "^4.3.1"
    "native-fetch" "^3.0.0"
    "receptacle" "^1.3.2"

"dotenv@*", "dotenv@^16.3.1":
  "integrity" "sha512-IPzF4w4/Rd94bA9imS68tZBaYyBWSCE47V1RGuMrB94iyTOIEwRmVL2x/4An+6mETpLrKJ5hQkB8W4kFAadeIQ=="
  "resolved" "https://registry.npmjs.org/dotenv/-/dotenv-16.3.1.tgz"
  "version" "16.3.1"

"electron-fetch@^1.7.2":
  "version" "1.9.1"
  dependencies:
    "encoding" "^0.1.13"

"encoding@^0.1.0", "encoding@^0.1.13":
  "version" "0.1.13"
  dependencies:
    "iconv-lite" "^0.6.2"

"err-code@^3.0.1":
  "version" "3.0.1"

"error-ex@^1.3.1":
  "version" "1.3.2"
  dependencies:
    "is-arrayish" "^0.2.1"

"escape-string-regexp@^1.0.5":
  "version" "1.0.5"

"event-target-shim@^5.0.0":
  "version" "5.0.1"

"events@^3.3.0":
  "version" "3.3.0"

"fast-fifo@^1.0.0":
  "version" "1.3.2"

"files-from-path@^0.2.4":
  "version" "0.2.6"
  dependencies:
    "err-code" "^3.0.1"
    "graceful-fs" "^4.2.9"
    "ipfs-unixfs" "^6.0.5"
    "it-glob" "^0.0.13"

"find-up@^4.1.0":
  "version" "4.1.0"
  dependencies:
    "locate-path" "^5.0.0"
    "path-exists" "^4.0.0"

"for-each@^0.3.3":
  "version" "0.3.3"
  dependencies:
    "is-callable" "^1.1.3"

"function-bind@^1.1.2":
  "version" "1.1.2"

"get-intrinsic@^1.1.3", "get-intrinsic@^1.2.1", "get-intrinsic@^1.2.2":
  "version" "1.2.2"
  dependencies:
    "function-bind" "^1.1.2"
    "has-proto" "^1.0.1"
    "has-symbols" "^1.0.3"
    "hasown" "^2.0.0"

"get-iterator@^1.0.2":
  "version" "1.0.2"

"gopd@^1.0.1":
  "version" "1.0.1"
  dependencies:
    "get-intrinsic" "^1.1.3"

"graceful-fs@^4.2.9":
  "version" "4.2.11"

"hamt-sharding@^2.0.0":
  "version" "2.0.1"
  dependencies:
    "sparse-array" "^1.3.1"
    "uint8arrays" "^3.0.0"

"hard-rejection@^2.1.0":
  "version" "2.1.0"

"has-flag@^3.0.0":
  "version" "3.0.0"

"has-property-descriptors@^1.0.0":
  "version" "1.0.1"
  dependencies:
    "get-intrinsic" "^1.2.2"

"has-proto@^1.0.1":
  "version" "1.0.1"

"has-symbols@^1.0.2", "has-symbols@^1.0.3":
  "version" "1.0.3"

"has-tostringtag@^1.0.0":
  "version" "1.0.0"
  dependencies:
    "has-symbols" "^1.0.2"

"hasown@^2.0.0":
  "version" "2.0.0"
  dependencies:
    "function-bind" "^1.1.2"

"hosted-git-info@^2.1.4":
  "version" "2.8.9"

"hosted-git-info@^4.0.1":
  "version" "4.1.0"
  dependencies:
    "lru-cache" "^6.0.0"

"iconv-lite@^0.6.2":
  "version" "0.6.3"
  dependencies:
    "safer-buffer" ">= 2.1.2 < 3.0.0"

"idb-keyval@^6.0.3":
  "version" "6.2.1"

"ieee754@^1.2.1":
  "version" "1.2.1"

"indent-string@^4.0.0":
  "version" "4.0.0"

"inherits@^2.0.3", "inherits@^2.0.4":
  "version" "2.0.4"

"interface-blockstore@^2.0.2", "interface-blockstore@^2.0.3":
  "version" "2.0.3"
  dependencies:
    "interface-store" "^2.0.2"
    "multiformats" "^9.0.4"

"interface-datastore@^6.0.2":
  "version" "6.1.1"
  dependencies:
    "interface-store" "^2.0.2"
    "nanoid" "^3.0.2"
    "uint8arrays" "^3.0.0"

"interface-store@^2.0.1", "interface-store@^2.0.2":
  "version" "2.0.2"

"ip-regex@^4.0.0":
  "version" "4.3.0"

"ipfs-car@^0.7.0":
  "version" "0.7.0"
  dependencies:
    "@ipld/car" "^3.2.3"
    "@web-std/blob" "^3.0.1"
    "bl" "^5.0.0"
    "blockstore-core" "^1.0.2"
    "browser-readablestream-to-it" "^1.0.2"
    "idb-keyval" "^6.0.3"
    "interface-blockstore" "^2.0.2"
    "ipfs-core-types" "^0.8.3"
    "ipfs-core-utils" "^0.12.1"
    "ipfs-unixfs-exporter" "^7.0.4"
    "ipfs-unixfs-importer" "^9.0.4"
    "ipfs-utils" "^9.0.2"
    "it-all" "^1.0.5"
    "it-last" "^1.0.5"
    "it-pipe" "^1.1.0"
    "meow" "^9.0.0"
    "move-file" "^2.1.0"
    "multiformats" "^9.6.3"
    "stream-to-it" "^0.2.3"
    "streaming-iterables" "^6.0.0"
    "uint8arrays" "^3.0.0"

"ipfs-core-types@^0.8.3", "ipfs-core-types@^0.8.4":
  "version" "0.8.4"
  dependencies:
    "interface-datastore" "^6.0.2"
    "multiaddr" "^10.0.0"
    "multiformats" "^9.4.13"

"ipfs-core-utils@^0.12.1":
  "version" "0.12.2"
  dependencies:
    "any-signal" "^2.1.2"
    "blob-to-it" "^1.0.1"
    "browser-readablestream-to-it" "^1.0.1"
    "debug" "^4.1.1"
    "err-code" "^3.0.1"
    "ipfs-core-types" "^0.8.4"
    "ipfs-unixfs" "^6.0.3"
    "ipfs-utils" "^9.0.2"
    "it-all" "^1.0.4"
    "it-map" "^1.0.4"
    "it-peekable" "^1.0.2"
    "it-to-stream" "^1.0.0"
    "merge-options" "^3.0.4"
    "multiaddr" "^10.0.0"
    "multiaddr-to-uri" "^8.0.0"
    "multiformats" "^9.4.13"
    "nanoid" "^3.1.23"
    "parse-duration" "^1.0.0"
    "timeout-abort-controller" "^1.1.1"
    "uint8arrays" "^3.0.0"

"ipfs-unixfs-exporter@^7.0.4":
  "version" "7.0.11"
  dependencies:
    "@ipld/dag-cbor" "^7.0.2"
    "@ipld/dag-pb" "^2.0.2"
    "@multiformats/murmur3" "^1.0.3"
    "err-code" "^3.0.1"
    "hamt-sharding" "^2.0.0"
    "interface-blockstore" "^2.0.3"
    "ipfs-unixfs" "^6.0.0"
    "it-last" "^1.0.5"
    "multiformats" "^9.4.2"
    "uint8arrays" "^3.0.0"

"ipfs-unixfs-importer@^9.0.4":
  "version" "9.0.10"
  dependencies:
    "@ipld/dag-pb" "^2.0.2"
    "@multiformats/murmur3" "^1.0.3"
    "bl" "^5.0.0"
    "err-code" "^3.0.1"
    "hamt-sharding" "^2.0.0"
    "interface-blockstore" "^2.0.3"
    "ipfs-unixfs" "^6.0.0"
    "it-all" "^1.0.5"
    "it-batch" "^1.0.8"
    "it-first" "^1.0.6"
    "it-parallel-batch" "^1.0.9"
    "merge-options" "^3.0.4"
    "multiformats" "^9.4.2"
    "rabin-wasm" "^0.1.4"
    "uint8arrays" "^3.0.0"

"ipfs-unixfs@^6.0.0", "ipfs-unixfs@^6.0.3", "ipfs-unixfs@^6.0.5":
  "version" "6.0.9"
  dependencies:
    "err-code" "^3.0.1"
    "protobufjs" "^6.10.2"

"ipfs-utils@^9.0.2":
  "version" "9.0.14"
  dependencies:
    "any-signal" "^3.0.0"
    "browser-readablestream-to-it" "^1.0.0"
    "buffer" "^6.0.1"
    "electron-fetch" "^1.7.2"
    "err-code" "^3.0.1"
    "is-electron" "^2.2.0"
    "iso-url" "^1.1.5"
    "it-all" "^1.0.4"
    "it-glob" "^1.0.1"
    "it-to-stream" "^1.0.0"
    "merge-options" "^3.0.4"
    "nanoid" "^3.1.20"
    "native-fetch" "^3.0.0"
    "node-fetch" "^2.6.8"
    "react-native-fetch-api" "^3.0.0"
    "stream-to-it" "^0.2.2"

"ipns@^0.16.0":
  "version" "0.16.0"
  dependencies:
    "cborg" "^1.3.3"
    "debug" "^4.2.0"
    "err-code" "^3.0.1"
    "interface-datastore" "^6.0.2"
    "libp2p-crypto" "^0.21.0"
    "long" "^4.0.0"
    "multiformats" "^9.4.5"
    "peer-id" "^0.16.0"
    "protobufjs" "^6.10.2"
    "timestamp-nano" "^1.0.0"
    "uint8arrays" "^3.0.0"

"is-arguments@^1.0.4":
  "version" "1.1.1"
  dependencies:
    "call-bind" "^1.0.2"
    "has-tostringtag" "^1.0.0"

"is-arrayish@^0.2.1":
  "version" "0.2.1"

"is-callable@^1.1.3":
  "version" "1.2.7"

"is-core-module@^2.13.0", "is-core-module@^2.5.0":
  "version" "2.13.1"
  dependencies:
    "hasown" "^2.0.0"

"is-electron@^2.2.0":
  "version" "2.2.2"

"is-generator-function@^1.0.7":
  "version" "1.0.10"
  dependencies:
    "has-tostringtag" "^1.0.0"

"is-ip@^3.1.0":
  "version" "3.1.0"
  dependencies:
    "ip-regex" "^4.0.0"

"is-plain-obj@^1.1.0":
  "version" "1.1.0"

"is-plain-obj@^2.1.0":
  "version" "2.1.0"

"is-typed-array@^1.1.3":
  "version" "1.1.12"
  dependencies:
    "which-typed-array" "^1.1.11"

"iso-random-stream@^2.0.0":
  "version" "2.0.2"
  dependencies:
    "events" "^3.3.0"
    "readable-stream" "^3.4.0"

"iso-url@^1.1.5":
  "version" "1.2.1"

"it-all@^1.0.4", "it-all@^1.0.5":
  "version" "1.0.6"

"it-batch@^1.0.8", "it-batch@^1.0.9":
  "version" "1.0.9"

"it-drain@^1.0.4":
  "version" "1.0.5"

"it-filter@^1.0.2":
  "version" "1.0.3"

"it-first@^1.0.6":
  "version" "1.0.7"

"it-glob@^0.0.13":
  "version" "0.0.13"
  dependencies:
    "@types/minimatch" "^3.0.4"
    "minimatch" "^3.0.4"

"it-glob@^1.0.1":
  "version" "1.0.2"
  dependencies:
    "@types/minimatch" "^3.0.4"
    "minimatch" "^3.0.4"

"it-last@^1.0.5":
  "version" "1.0.6"

"it-map@^1.0.4":
  "version" "1.0.6"

"it-parallel-batch@^1.0.9":
  "version" "1.0.11"
  dependencies:
    "it-batch" "^1.0.9"

"it-peekable@^1.0.2":
  "version" "1.0.3"

"it-pipe@^1.1.0":
  "version" "1.1.0"

"it-take@^1.0.1":
  "version" "1.0.2"

"it-to-stream@^1.0.0":
  "version" "1.0.0"
  dependencies:
    "buffer" "^6.0.3"
    "fast-fifo" "^1.0.0"
    "get-iterator" "^1.0.2"
    "p-defer" "^3.0.0"
    "p-fifo" "^1.0.0"
    "readable-stream" "^3.6.0"

"js-tokens@^4.0.0":
  "version" "4.0.0"

"json-parse-even-better-errors@^2.3.0":
  "version" "2.3.1"

"kind-of@^6.0.3":
  "version" "6.0.3"

"libp2p-crypto@^0.21.0", "libp2p-crypto@^0.21.2":
  "version" "0.21.2"
  dependencies:
    "@noble/ed25519" "^1.5.1"
    "@noble/secp256k1" "^1.3.0"
    "err-code" "^3.0.1"
    "iso-random-stream" "^2.0.0"
    "multiformats" "^9.4.5"
    "node-forge" "^1.2.1"
    "protobufjs" "^6.11.2"
    "uint8arrays" "^3.0.0"

"lines-and-columns@^1.1.6":
  "version" "1.2.4"

"locate-path@^5.0.0":
  "version" "5.0.0"
  dependencies:
    "p-locate" "^4.1.0"

"long@^4.0.0":
  "version" "4.0.0"

"lru-cache@^6.0.0":
  "version" "6.0.0"
  dependencies:
    "yallist" "^4.0.0"

"make-error@^1.1.1":
  "integrity" "sha512-s8UhlNe7vPKomQhC1qFelMokr/Sc3AgNbso3n74mVPA5LTZwkB9NlXf4XPamLxJE8h0gh73rM94xvwRT2CVInw=="
  "resolved" "https://registry.npmjs.org/make-error/-/make-error-1.3.6.tgz"
  "version" "1.3.6"

"map-obj@^1.0.0":
  "version" "1.0.1"

"map-obj@^4.0.0":
  "version" "4.3.0"

"meow@^9.0.0":
  "version" "9.0.0"
  dependencies:
    "@types/minimist" "^1.2.0"
    "camelcase-keys" "^6.2.2"
    "decamelize" "^1.2.0"
    "decamelize-keys" "^1.1.0"
    "hard-rejection" "^2.1.0"
    "minimist-options" "4.1.0"
    "normalize-package-data" "^3.0.0"
    "read-pkg-up" "^7.0.1"
    "redent" "^3.0.0"
    "trim-newlines" "^3.0.0"
    "type-fest" "^0.18.0"
    "yargs-parser" "^20.2.3"

"merge-options@^3.0.4":
  "version" "3.0.4"
  dependencies:
    "is-plain-obj" "^2.1.0"

"min-indent@^1.0.0":
  "version" "1.0.1"

"minimatch@^3.0.4":
  "version" "3.1.2"
  dependencies:
    "brace-expansion" "^1.1.7"

"minimist-options@4.1.0":
  "version" "4.1.0"
  dependencies:
    "arrify" "^1.0.1"
    "is-plain-obj" "^1.1.0"
    "kind-of" "^6.0.3"

"minimist@^1.2.5":
  "version" "1.2.8"

"move-file@^2.1.0":
  "version" "2.1.0"
  dependencies:
    "path-exists" "^4.0.0"

"mrmime@^1.0.0":
  "version" "1.0.1"

"ms@^2.1.1":
  "version" "2.1.3"

"ms@2.1.2":
  "version" "2.1.2"

"multiaddr-to-uri@^8.0.0":
  "version" "8.0.0"
  dependencies:
    "multiaddr" "^10.0.0"

"multiaddr@^10.0.0":
  "version" "10.0.1"
  dependencies:
    "dns-over-http-resolver" "^1.2.3"
    "err-code" "^3.0.1"
    "is-ip" "^3.1.0"
    "multiformats" "^9.4.5"
    "uint8arrays" "^3.0.0"
    "varint" "^6.0.0"

"multiformats@^9.0.4", "multiformats@^9.4.13", "multiformats@^9.4.2", "multiformats@^9.4.5", "multiformats@^9.4.7", "multiformats@^9.5.4", "multiformats@^9.6.3":
  "version" "9.9.0"

"murmurhash3js-revisited@^3.0.0":
  "version" "3.0.0"

"nanoid@^3.0.2", "nanoid@^3.1.20", "nanoid@^3.1.23":
  "version" "3.3.6"

"native-abort-controller@^1.0.3":
  "version" "1.0.4"

"native-fetch@^3.0.0":
  "version" "3.0.0"

"node-fetch@*", "node-fetch@^2.6.1", "node-fetch@^2.6.8":
  "version" "2.7.0"
  dependencies:
    "whatwg-url" "^5.0.0"

"node-forge@^1.2.1":
  "version" "1.3.1"

"normalize-package-data@^2.5.0":
  "version" "2.5.0"
  dependencies:
    "hosted-git-info" "^2.1.4"
    "resolve" "^1.10.0"
    "semver" "2 || 3 || 4 || 5"
    "validate-npm-package-license" "^3.0.1"

"normalize-package-data@^3.0.0":
  "version" "3.0.3"
  dependencies:
    "hosted-git-info" "^4.0.1"
    "is-core-module" "^2.5.0"
    "semver" "^7.3.4"
    "validate-npm-package-license" "^3.0.1"

"p-defer@^3.0.0":
  "version" "3.0.0"

"p-fifo@^1.0.0":
  "version" "1.0.0"
  dependencies:
    "fast-fifo" "^1.0.0"
    "p-defer" "^3.0.0"

"p-limit@^2.2.0":
  "version" "2.3.0"
  dependencies:
    "p-try" "^2.0.0"

"p-locate@^4.1.0":
  "version" "4.1.0"
  dependencies:
    "p-limit" "^2.2.0"

"p-retry@^4.5.0":
  "version" "4.6.2"
  dependencies:
    "@types/retry" "0.12.0"
    "retry" "^0.13.1"

"p-try@^2.0.0":
  "version" "2.2.0"

"parse-duration@^1.0.0":
  "version" "1.1.0"

"parse-json@^5.0.0":
  "version" "5.2.0"
  dependencies:
    "@babel/code-frame" "^7.0.0"
    "error-ex" "^1.3.1"
    "json-parse-even-better-errors" "^2.3.0"
    "lines-and-columns" "^1.1.6"

"path-exists@^4.0.0":
  "version" "4.0.0"

"path-parse@^1.0.7":
  "version" "1.0.7"

"peer-id@^0.16.0":
  "version" "0.16.0"
  dependencies:
    "class-is" "^1.1.0"
    "libp2p-crypto" "^0.21.0"
    "multiformats" "^9.4.5"
    "protobufjs" "^6.10.2"
    "uint8arrays" "^3.0.0"

"protobufjs@^6.10.2", "protobufjs@^6.11.2":
  "version" "6.11.4"
  dependencies:
    "@protobufjs/aspromise" "^1.1.2"
    "@protobufjs/base64" "^1.1.2"
    "@protobufjs/codegen" "^2.0.4"
    "@protobufjs/eventemitter" "^1.1.0"
    "@protobufjs/fetch" "^1.1.0"
    "@protobufjs/float" "^1.0.2"
    "@protobufjs/inquire" "^1.1.0"
    "@protobufjs/path" "^1.1.2"
    "@protobufjs/pool" "^1.1.0"
    "@protobufjs/utf8" "^1.1.0"
    "@types/long" "^4.0.1"
    "@types/node" ">=13.7.0"
    "long" "^4.0.0"

"quick-lru@^4.0.1":
  "version" "4.0.1"

"rabin-wasm@^0.1.4":
  "version" "0.1.5"
  dependencies:
    "@assemblyscript/loader" "^0.9.4"
    "bl" "^5.0.0"
    "debug" "^4.3.1"
    "minimist" "^1.2.5"
    "node-fetch" "^2.6.1"
    "readable-stream" "^3.6.0"

"react-native-fetch-api@^3.0.0":
  "version" "3.0.0"
  dependencies:
    "p-defer" "^3.0.0"

"read-pkg-up@^7.0.1":
  "version" "7.0.1"
  dependencies:
    "find-up" "^4.1.0"
    "read-pkg" "^5.2.0"
    "type-fest" "^0.8.1"

"read-pkg@^5.2.0":
  "version" "5.2.0"
  dependencies:
    "@types/normalize-package-data" "^2.4.0"
    "normalize-package-data" "^2.5.0"
    "parse-json" "^5.0.0"
    "type-fest" "^0.6.0"

"readable-stream@^3.4.0", "readable-stream@^3.6.0":
  "version" "3.6.2"
  dependencies:
    "inherits" "^2.0.3"
    "string_decoder" "^1.1.1"
    "util-deprecate" "^1.0.1"

"receptacle@^1.3.2":
  "version" "1.3.2"
  dependencies:
    "ms" "^2.1.1"

"redent@^3.0.0":
  "version" "3.0.0"
  dependencies:
    "indent-string" "^4.0.0"
    "strip-indent" "^3.0.0"

"resolve@^1.10.0":
  "version" "1.22.8"
  dependencies:
    "is-core-module" "^2.13.0"
    "path-parse" "^1.0.7"
    "supports-preserve-symlinks-flag" "^1.0.0"

"retimer@^2.0.0":
  "version" "2.0.0"

"retry@^0.13.1":
  "version" "0.13.1"

"safe-buffer@~5.2.0":
  "version" "5.2.1"

"safer-buffer@>= 2.1.2 < 3.0.0":
  "version" "2.1.2"

"semver@^7.3.4":
  "version" "7.5.4"
  dependencies:
    "lru-cache" "^6.0.0"

"semver@2 || 3 || 4 || 5":
  "version" "5.7.2"

"set-function-length@^1.1.1":
  "version" "1.1.1"
  dependencies:
    "define-data-property" "^1.1.1"
    "get-intrinsic" "^1.2.1"
    "gopd" "^1.0.1"
    "has-property-descriptors" "^1.0.0"

"sparse-array@^1.3.1":
  "version" "1.3.2"

"spdx-correct@^3.0.0":
  "version" "3.2.0"
  dependencies:
    "spdx-expression-parse" "^3.0.0"
    "spdx-license-ids" "^3.0.0"

"spdx-exceptions@^2.1.0":
  "version" "2.3.0"

"spdx-expression-parse@^3.0.0":
  "version" "3.0.1"
  dependencies:
    "spdx-exceptions" "^2.1.0"
    "spdx-license-ids" "^3.0.0"

"spdx-license-ids@^3.0.0":
  "version" "3.0.16"

"stream-to-it@^0.2.2", "stream-to-it@^0.2.3":
  "version" "0.2.4"
  dependencies:
    "get-iterator" "^1.0.2"

"streaming-iterables@^6.0.0", "streaming-iterables@^6.2.0":
  "version" "6.2.0"

"string_decoder@^1.1.1":
  "version" "1.3.0"
  dependencies:
    "safe-buffer" "~5.2.0"

"strip-indent@^3.0.0":
  "version" "3.0.0"
  dependencies:
    "min-indent" "^1.0.0"

"supports-color@^5.3.0":
  "version" "5.5.0"
  dependencies:
    "has-flag" "^3.0.0"

"supports-preserve-symlinks-flag@^1.0.0":
  "version" "1.0.0"

"throttled-queue@^2.1.2", "throttled-queue@^2.1.4":
  "version" "2.1.4"

"timeout-abort-controller@^1.1.1":
  "version" "1.1.1"
  dependencies:
    "abort-controller" "^3.0.0"
    "retimer" "^2.0.0"

"timestamp-nano@^1.0.0":
  "version" "1.0.1"

"tr46@~0.0.3":
  "version" "0.0.3"

"trim-newlines@^3.0.0":
  "version" "3.0.1"

"ts-node@^10.9.1":
  "integrity" "sha512-NtVysVPkxxrwFGUUxGYhfux8k78pQB3JqYBXlLRZgdGUqTO5wU/UyHop5p70iEbGhB7q5KmiZiU0Y3KlJrScEw=="
  "resolved" "https://registry.npmjs.org/ts-node/-/ts-node-10.9.1.tgz"
  "version" "10.9.1"
  dependencies:
    "@cspotcode/source-map-support" "^0.8.0"
    "@tsconfig/node10" "^1.0.7"
    "@tsconfig/node12" "^1.0.7"
    "@tsconfig/node14" "^1.0.0"
    "@tsconfig/node16" "^1.0.2"
    "acorn" "^8.4.1"
    "acorn-walk" "^8.1.1"
    "arg" "^4.1.0"
    "create-require" "^1.1.0"
    "diff" "^4.0.1"
    "make-error" "^1.1.1"
    "v8-compile-cache-lib" "^3.0.1"
    "yn" "3.1.1"

"type-fest@^0.18.0":
  "version" "0.18.1"

"type-fest@^0.6.0":
  "version" "0.6.0"

"type-fest@^0.8.1":
  "version" "0.8.1"

"typescript@>=2.7":
  "integrity" "sha512-mI4WrpHsbCIcwT9cF4FZvr80QUeKvsUsUvKDoR+X/7XHQH98xYD8YHZg7ANtz2GtZt/CBq2QJ0thkGJMHfqc1w=="
  "resolved" "https://registry.npmjs.org/typescript/-/typescript-5.2.2.tgz"
  "version" "5.2.2"

"uint8arrays@^3.0.0":
  "version" "3.1.1"
  dependencies:
    "multiformats" "^9.4.2"

"undici-types@~5.25.1":
  "version" "5.25.3"

"util-deprecate@^1.0.1":
  "version" "1.0.2"

"util@^0.12.3":
  "version" "0.12.5"
  dependencies:
    "inherits" "^2.0.3"
    "is-arguments" "^1.0.4"
    "is-generator-function" "^1.0.7"
    "is-typed-array" "^1.1.3"
    "which-typed-array" "^1.1.2"

"v8-compile-cache-lib@^3.0.1":
  "integrity" "sha512-wa7YjyUGfNZngI/vtK0UHAN+lgDCxBPCylVXGp0zu59Fz5aiGtNXaq3DhIov063MorB+VfufLh3JlF2KdTK3xg=="
  "resolved" "https://registry.npmjs.org/v8-compile-cache-lib/-/v8-compile-cache-lib-3.0.1.tgz"
  "version" "3.0.1"

"validate-npm-package-license@^3.0.1":
  "version" "3.0.4"
  dependencies:
    "spdx-correct" "^3.0.0"
    "spdx-expression-parse" "^3.0.0"

"varint@^6.0.0":
  "version" "6.0.0"

"w3name@^1.0.6":
  "version" "1.0.8"
  dependencies:
    "@web-std/fetch" "^4.1.0"
    "cborg" "^1.9.4"
    "ipns" "^0.16.0"
    "libp2p-crypto" "^0.21.2"
    "throttled-queue" "^2.1.4"
    "uint8arrays" "^3.0.0"

"web-encoding@1.1.5":
  "version" "1.1.5"
  dependencies:
    "util" "^0.12.3"
  optionalDependencies:
    "@zxing/text-encoding" "0.9.0"

"web-streams-polyfill@^3.1.1":
  "version" "3.2.1"

"web3.storage@^4.5.5":
  "version" "4.5.5"
  dependencies:
    "@ipld/car" "^3.1.4"
    "@web-std/blob" "^3.0.4"
    "@web-std/fetch" "^4.1.2"
    "@web-std/file" "^3.0.2"
    "@web3-storage/parse-link-header" "^3.1.0"
    "browser-readablestream-to-it" "^1.0.3"
    "carbites" "^1.0.6"
    "cborg" "^1.8.0"
    "files-from-path" "^0.2.4"
    "ipfs-car" "^0.7.0"
    "libp2p-crypto" "^0.21.0"
    "p-retry" "^4.5.0"
    "streaming-iterables" "^6.2.0"
    "throttled-queue" "^2.1.2"
    "uint8arrays" "^3.0.0"
    "w3name" "^1.0.6"

"webidl-conversions@^3.0.0":
  "version" "3.0.1"

"whatwg-url@^5.0.0":
  "version" "5.0.0"
  dependencies:
    "tr46" "~0.0.3"
    "webidl-conversions" "^3.0.0"

"which-typed-array@^1.1.11", "which-typed-array@^1.1.2":
  "version" "1.1.13"
  dependencies:
    "available-typed-arrays" "^1.0.5"
    "call-bind" "^1.0.4"
    "for-each" "^0.3.3"
    "gopd" "^1.0.1"
    "has-tostringtag" "^1.0.0"

"yallist@^4.0.0":
  "version" "4.0.0"

"yargs-parser@^20.2.3":
  "version" "20.2.9"

"yn@3.1.1":
  "integrity" "sha512-Ux4ygGWsu2c7isFWe8Yu1YluJmqVhxqK2cLXNQA5AcC3QfbGNpM7fu0Y8b/z16pXLnFxZYvWhd3fhBY9DLmC6Q=="
  "resolved" "https://registry.npmjs.org/yn/-/yn-3.1.1.tgz"
  "version" "3.1.1"
